hash: b855fe7a569fa09ce5621abec8fcc827e96400925068197fd049269695859d27
updated: 2016-04-17T11:22:13.535061372+03:00
imports:
- name: github.com/amimimor/couchbase-cluster-go
  version: 31b96963d8780a6713435aaf29163d0cf4473ada
- name: github.com/coreos/fleet
  version: 01d6766209e0f3911a02d66c7972062ebd971940
  subpackages:
  - schema
  - Godeps/_workspace/src/github.com/coreos/go-systemd/unit
  - Godeps/_workspace/src/google.golang.org/api/googleapi
  - job
  - machine
  - unit
  - Godeps/_workspace/src/google.golang.org/api/googleapi/internal/uritemplates
  - pkg
  - Godeps/_workspace/src/github.com/vishvananda/netlink
  - log
  - Godeps/_workspace/src/github.com/jonboulle/clockwork
  - Godeps/_workspace/src/github.com/vishvananda/netlink/nl
- name: github.com/coreos/go-systemd
  version: 7b2428fec40033549c68f54e26e89e7ca9a9ce31
  subpackages:
  - unit
- name: github.com/docopt/docopt-go
  version: 784ddc588536785e7299f7272f39101f7faccc3f
- name: github.com/tleyden/go-etcd
  version: 6aa2da5a7a905609c93036b9307185a04a5a84a5
  subpackages:
  - etcd
devImports: []
